// !$*UTF8*$!
{
	archiveVersion = 1;
	classes = {
	};
	objectVersion = 48;
	objects = {

/* Begin PBXBuildFile section */
		07D7E6BE265AF420B1D85A39 /* Pods_Recipe.framework in Frameworks */ = {isa = PBXBuildFile; fileRef = 74A396C626DB1450C3CDFDD9 /* Pods_Recipe.framework */; };
		1017BE682080AD9D005D350B /* SecondCollectionViewCell.swift in Sources */ = {isa = PBXBuildFile; fileRef = 1017BE672080AD9D005D350B /* SecondCollectionViewCell.swift */; };
		1017BE6A2080ADB1005D350B /* SecondCollectionViewController.swift in Sources */ = {isa = PBXBuildFile; fileRef = 1017BE692080ADB1005D350B /* SecondCollectionViewController.swift */; };
		102B68E020890466002CC4EE /* CameraViewController.swift in Sources */ = {isa = PBXBuildFile; fileRef = 102B68DF20890466002CC4EE /* CameraViewController.swift */; };
		102B68E7208E2ADA002CC4EE /* PopUpViewController.swift in Sources */ = {isa = PBXBuildFile; fileRef = 102B68E6208E2ADA002CC4EE /* PopUpViewController.swift */; };
		102B68E9208E445E002CC4EE /* Model.swift in Sources */ = {isa = PBXBuildFile; fileRef = 102B68E8208E445E002CC4EE /* Model.swift */; };
		1068348020951292000F6590 /* DataModel.xcdatamodeld in Sources */ = {isa = PBXBuildFile; fileRef = 1068347E20951292000F6590 /* DataModel.xcdatamodeld */; };
		10685EB1207E38EE00FEE742 /* AppDelegate.swift in Sources */ = {isa = PBXBuildFile; fileRef = 10685EB0207E38EE00FEE742 /* AppDelegate.swift */; };
		10685EB6207E38EE00FEE742 /* Main.storyboard in Resources */ = {isa = PBXBuildFile; fileRef = 10685EB4207E38EE00FEE742 /* Main.storyboard */; };
		10685EB8207E38EE00FEE742 /* Assets.xcassets in Resources */ = {isa = PBXBuildFile; fileRef = 10685EB7207E38EE00FEE742 /* Assets.xcassets */; };
		10685EBB207E38EE00FEE742 /* LaunchScreen.storyboard in Resources */ = {isa = PBXBuildFile; fileRef = 10685EB9207E38EE00FEE742 /* LaunchScreen.storyboard */; };
		10685EC3207E3D9B00FEE742 /* CollectionViewController.swift in Sources */ = {isa = PBXBuildFile; fileRef = 10685EC2207E3D9B00FEE742 /* CollectionViewController.swift */; };
		10685EC5207E4F9B00FEE742 /* CollectionViewCell.swift in Sources */ = {isa = PBXBuildFile; fileRef = 10685EC4207E4F9B00FEE742 /* CollectionViewCell.swift */; };
		10A020712091150C00EC06B0 /* tessdata in Resources */ = {isa = PBXBuildFile; fileRef = 10A020702091150C00EC06B0 /* tessdata */; };
/* End PBXBuildFile section */

/* Begin PBXFileReference section */
		1017BE672080AD9D005D350B /* SecondCollectionViewCell.swift */ = {isa = PBXFileReference; lastKnownFileType = sourcecode.swift; path = SecondCollectionViewCell.swift; sourceTree = "<group>"; };
		1017BE692080ADB1005D350B /* SecondCollectionViewController.swift */ = {isa = PBXFileReference; lastKnownFileType = sourcecode.swift; path = SecondCollectionViewController.swift; sourceTree = "<group>"; };
		102B68DF20890466002CC4EE /* CameraViewController.swift */ = {isa = PBXFileReference; lastKnownFileType = sourcecode.swift; path = CameraViewController.swift; sourceTree = "<group>"; };
		102B68E6208E2ADA002CC4EE /* PopUpViewController.swift */ = {isa = PBXFileReference; lastKnownFileType = sourcecode.swift; path = PopUpViewController.swift; sourceTree = "<group>"; };
		102B68E8208E445E002CC4EE /* Model.swift */ = {isa = PBXFileReference; lastKnownFileType = sourcecode.swift; path = Model.swift; sourceTree = "<group>"; };
		1068347F20951292000F6590 /* DataModel.xcdatamodel */ = {isa = PBXFileReference; lastKnownFileType = wrapper.xcdatamodel; path = DataModel.xcdatamodel; sourceTree = "<group>"; };
		10685EAD207E38EE00FEE742 /* Recipe.app */ = {isa = PBXFileReference; explicitFileType = wrapper.application; includeInIndex = 0; path = Recipe.app; sourceTree = BUILT_PRODUCTS_DIR; };
		10685EB0207E38EE00FEE742 /* AppDelegate.swift */ = {isa = PBXFileReference; lastKnownFileType = sourcecode.swift; path = AppDelegate.swift; sourceTree = "<group>"; };
		10685EB5207E38EE00FEE742 /* Base */ = {isa = PBXFileReference; lastKnownFileType = file.storyboard; name = Base; path = Base.lproj/Main.storyboard; sourceTree = "<group>"; };
		10685EB7207E38EE00FEE742 /* Assets.xcassets */ = {isa = PBXFileReference; lastKnownFileType = folder.assetcatalog; path = Assets.xcassets; sourceTree = "<group>"; };
		10685EBA207E38EE00FEE742 /* Base */ = {isa = PBXFileReference; lastKnownFileType = file.storyboard; name = Base; path = Base.lproj/LaunchScreen.storyboard; sourceTree = "<group>"; };
		10685EBC207E38EE00FEE742 /* Info.plist */ = {isa = PBXFileReference; lastKnownFileType = text.plist.xml; path = Info.plist; sourceTree = "<group>"; };
		10685EC2207E3D9B00FEE742 /* CollectionViewController.swift */ = {isa = PBXFileReference; lastKnownFileType = sourcecode.swift; path = CollectionViewController.swift; sourceTree = "<group>"; };
		10685EC4207E4F9B00FEE742 /* CollectionViewCell.swift */ = {isa = PBXFileReference; lastKnownFileType = sourcecode.swift; path = CollectionViewCell.swift; sourceTree = "<group>"; };
		10A020702091150C00EC06B0 /* tessdata */ = {isa = PBXFileReference; lastKnownFileType = folder; path = tessdata; sourceTree = "<group>"; };
		74A396C626DB1450C3CDFDD9 /* Pods_Recipe.framework */ = {isa = PBXFileReference; explicitFileType = wrapper.framework; includeInIndex = 0; path = Pods_Recipe.framework; sourceTree = BUILT_PRODUCTS_DIR; };
		BFC947C50E5F101DB353A12A /* Pods-Recipe.debug.xcconfig */ = {isa = PBXFileReference; includeInIndex = 1; lastKnownFileType = text.xcconfig; name = "Pods-Recipe.debug.xcconfig"; path = "Pods/Target Support Files/Pods-Recipe/Pods-Recipe.debug.xcconfig"; sourceTree = "<group>"; };
		CFF6BD60EE9B9D8D09B40898 /* Pods-Recipe.release.xcconfig */ = {isa = PBXFileReference; includeInIndex = 1; lastKnownFileType = text.xcconfig; name = "Pods-Recipe.release.xcconfig"; path = "Pods/Target Support Files/Pods-Recipe/Pods-Recipe.release.xcconfig"; sourceTree = "<group>"; };
/* End PBXFileReference section */

/* Begin PBXFrameworksBuildPhase section */
		10685EAA207E38EE00FEE742 /* Frameworks */ = {
			isa = PBXFrameworksBuildPhase;
			buildActionMask = 2147483647;
			files = (
				07D7E6BE265AF420B1D85A39 /* Pods_Recipe.framework in Frameworks */,
			);
			runOnlyForDeploymentPostprocessing = 0;
		};
/* End PBXFrameworksBuildPhase section */

/* Begin PBXGroup section */
		102B68E1208E09FF002CC4EE /* Model */ = {
			isa = PBXGroup;
			children = (
				102B68E8208E445E002CC4EE /* Model.swift */,
			);
			path = Model;
			sourceTree = "<group>";
		};
		10685EA4207E38EE00FEE742 = {
			isa = PBXGroup;
			children = (
				10685EAF207E38EE00FEE742 /* Recipe */,
				10685EAE207E38EE00FEE742 /* Products */,
				6FF4D8F72F6705D62AC71261 /* Pods */,
				D04FBC7C5897E7128791E09F /* Frameworks */,
			);
			sourceTree = "<group>";
		};
		10685EAE207E38EE00FEE742 /* Products */ = {
			isa = PBXGroup;
			children = (
				10685EAD207E38EE00FEE742 /* Recipe.app */,
			);
			name = Products;
			sourceTree = "<group>";
		};
		10685EAF207E38EE00FEE742 /* Recipe */ = {
			isa = PBXGroup;
			children = (
				10685EB0207E38EE00FEE742 /* AppDelegate.swift */,
				102B68E1208E09FF002CC4EE /* Model */,
				10685EC2207E3D9B00FEE742 /* CollectionViewController.swift */,
				10685EC4207E4F9B00FEE742 /* CollectionViewCell.swift */,
				1017BE672080AD9D005D350B /* SecondCollectionViewCell.swift */,
				102B68E6208E2ADA002CC4EE /* PopUpViewController.swift */,
				102B68DF20890466002CC4EE /* CameraViewController.swift */,
				1017BE692080ADB1005D350B /* SecondCollectionViewController.swift */,
				10685EB4207E38EE00FEE742 /* Main.storyboard */,
				10A020702091150C00EC06B0 /* tessdata */,
				10685EB7207E38EE00FEE742 /* Assets.xcassets */,
				10685EB9207E38EE00FEE742 /* LaunchScreen.storyboard */,
				1068347E20951292000F6590 /* DataModel.xcdatamodeld */,
				10685EBC207E38EE00FEE742 /* Info.plist */,
			);
			path = Recipe;
			sourceTree = "<group>";
		};
		6FF4D8F72F6705D62AC71261 /* Pods */ = {
			isa = PBXGroup;
			children = (
				BFC947C50E5F101DB353A12A /* Pods-Recipe.debug.xcconfig */,
				CFF6BD60EE9B9D8D09B40898 /* Pods-Recipe.release.xcconfig */,
			);
			name = Pods;
			sourceTree = "<group>";
		};
		D04FBC7C5897E7128791E09F /* Frameworks */ = {
			isa = PBXGroup;
			children = (
				74A396C626DB1450C3CDFDD9 /* Pods_Recipe.framework */,
			);
			name = Frameworks;
			sourceTree = "<group>";
		};
/* End PBXGroup section */

/* Begin PBXNativeTarget section */
		10685EAC207E38EE00FEE742 /* Recipe */ = {
			isa = PBXNativeTarget;
			buildConfigurationList = 10685EBF207E38EE00FEE742 /* Build configuration list for PBXNativeTarget "Recipe" */;
			buildPhases = (
				07DC3C8E13434769EC3DB49D /* [CP] Check Pods Manifest.lock */,
				10685EA9207E38EE00FEE742 /* Sources */,
				10685EAA207E38EE00FEE742 /* Frameworks */,
				10685EAB207E38EE00FEE742 /* Resources */,
				7C46645716A2ADF4AC6370EE /* [CP] Embed Pods Frameworks */,
				CF9141FF11C5F1C90FC607E8 /* [CP] Copy Pods Resources */,
			);
			buildRules = (
			);
			dependencies = (
			);
			name = Recipe;
			productName = Recipe;
			productReference = 10685EAD207E38EE00FEE742 /* Recipe.app */;
			productType = "com.apple.product-type.application";
		};
/* End PBXNativeTarget section */

/* Begin PBXProject section */
		10685EA5207E38EE00FEE742 /* Project object */ = {
			isa = PBXProject;
			attributes = {
				LastSwiftUpdateCheck = 0920;
				LastUpgradeCheck = 0920;
				ORGANIZATIONNAME = "Ria Buhlin";
				TargetAttributes = {
					10685EAC207E38EE00FEE742 = {
						CreatedOnToolsVersion = 9.2;
						ProvisioningStyle = Automatic;
					};
				};
			};
			buildConfigurationList = 10685EA8207E38EE00FEE742 /* Build configuration list for PBXProject "Recipe" */;
			compatibilityVersion = "Xcode 8.0";
			developmentRegion = en;
			hasScannedForEncodings = 0;
			knownRegions = (
				en,
				Base,
			);
			mainGroup = 10685EA4207E38EE00FEE742;
			productRefGroup = 10685EAE207E38EE00FEE742 /* Products */;
			projectDirPath = "";
			projectRoot = "";
			targets = (
				10685EAC207E38EE00FEE742 /* Recipe */,
			);
		};
/* End PBXProject section */

/* Begin PBXResourcesBuildPhase section */
		10685EAB207E38EE00FEE742 /* Resources */ = {
			isa = PBXResourcesBuildPhase;
			buildActionMask = 2147483647;
			files = (
				10685EBB207E38EE00FEE742 /* LaunchScreen.storyboard in Resources */,
				10A020712091150C00EC06B0 /* tessdata in Resources */,
				10685EB8207E38EE00FEE742 /* Assets.xcassets in Resources */,
				10685EB6207E38EE00FEE742 /* Main.storyboard in Resources */,
			);
			runOnlyForDeploymentPostprocessing = 0;
		};
/* End PBXResourcesBuildPhase section */

/* Begin PBXShellScriptBuildPhase section */
		07DC3C8E13434769EC3DB49D /* [CP] Check Pods Manifest.lock */ = {
			isa = PBXShellScriptBuildPhase;
			buildActionMask = 2147483647;
			files = (
			);
			inputPaths = (
				"${PODS_PODFILE_DIR_PATH}/Podfile.lock",
				"${PODS_ROOT}/Manifest.lock",
			);
			name = "[CP] Check Pods Manifest.lock";
			outputPaths = (
				"$(DERIVED_FILE_DIR)/Pods-Recipe-checkManifestLockResult.txt",
			);
			runOnlyForDeploymentPostprocessing = 0;
			shellPath = /bin/sh;
			shellScript = "diff \"${PODS_PODFILE_DIR_PATH}/Podfile.lock\" \"${PODS_ROOT}/Manifest.lock\" > /dev/null\nif [ $? != 0 ] ; then\n    # print error to STDERR\n    echo \"error: The sandbox is not in sync with the Podfile.lock. Run 'pod install' or update your CocoaPods installation.\" >&2\n    exit 1\nfi\n# This output is used by Xcode 'outputs' to avoid re-running this script phase.\necho \"SUCCESS\" > \"${SCRIPT_OUTPUT_FILE_0}\"\n";
			showEnvVarsInLog = 0;
		};
		7C46645716A2ADF4AC6370EE /* [CP] Embed Pods Frameworks */ = {
			isa = PBXShellScriptBuildPhase;
			buildActionMask = 2147483647;
			files = (
			);
			inputPaths = (
				"${SRCROOT}/Pods/Target Support Files/Pods-Recipe/Pods-Recipe-frameworks.sh",
				"${BUILT_PRODUCTS_DIR}/TesseractOCRiOS/TesseractOCR.framework",
			);
			name = "[CP] Embed Pods Frameworks";
			outputPaths = (
				"${TARGET_BUILD_DIR}/${FRAMEWORKS_FOLDER_PATH}/TesseractOCR.framework",
			);
			runOnlyForDeploymentPostprocessing = 0;
			shellPath = /bin/sh;
			shellScript = "\"${SRCROOT}/Pods/Target Support Files/Pods-Recipe/Pods-Recipe-frameworks.sh\"\n";
			showEnvVarsInLog = 0;
		};
		CF9141FF11C5F1C90FC607E8 /* [CP] Copy Pods Resources */ = {
			isa = PBXShellScriptBuildPhase;
			buildActionMask = 2147483647;
			files = (
			);
			inputPaths = (
			);
			name = "[CP] Copy Pods Resources";
			outputPaths = (
			);
			runOnlyForDeploymentPostprocessing = 0;
			shellPath = /bin/sh;
			shellScript = "\"${SRCROOT}/Pods/Target Support Files/Pods-Recipe/Pods-Recipe-resources.sh\"\n";
			showEnvVarsInLog = 0;
		};
/* End PBXShellScriptBuildPhase section */

/* Begin PBXSourcesBuildPhase section */
		10685EA9207E38EE00FEE742 /* Sources */ = {
			isa = PBXSourcesBuildPhase;
			buildActionMask = 2147483647;
			files = (
				102B68E9208E445E002CC4EE /* Model.swift in Sources */,
				10685EC3207E3D9B00FEE742 /* CollectionViewController.swift in Sources */,
				1017BE6A2080ADB1005D350B /* SecondCollectionViewController.swift in Sources */,
				1017BE682080AD9D005D350B /* SecondCollectionViewCell.swift in Sources */,
				10685EC5207E4F9B00FEE742 /* CollectionViewCell.swift in Sources */,
				10685EB1207E38EE00FEE742 /* AppDelegate.swift in Sources */,
				1068348020951292000F6590 /* DataModel.xcdatamodeld in Sources */,
				102B68E020890466002CC4EE /* CameraViewController.swift in Sources */,
				102B68E7208E2ADA002CC4EE /* PopUpViewController.swift in Sources */,
			);
			runOnlyForDeploymentPostprocessing = 0;
		};
/* End PBXSourcesBuildPhase section */

/* Begin PBXVariantGroup section */
		10685EB4207E38EE00FEE742 /* Main.storyboard */ = {
			isa = PBXVariantGroup;
			children = (
				10685EB5207E38EE00FEE742 /* Base */,
			);
			name = Main.storyboard;
			sourceTree = "<group>";
		};
		10685EB9207E38EE00FEE742 /* LaunchScreen.storyboard */ = {
			isa = PBXVariantGroup;
			children = (
				10685EBA207E38EE00FEE742 /* Base */,
			);
			name = LaunchScreen.storyboard;
			sourceTree = "<group>";
		};
/* End PBXVariantGroup section */

/* Begin XCBuildConfiguration section */
		10685EBD207E38EE00FEE742 /* Debug */ = {
			isa = XCBuildConfiguration;
			buildSettings = {
				ALWAYS_SEARCH_USER_PATHS = NO;
				CLANG_ANALYZER_NONNULL = YES;
				CLANG_ANALYZER_NUMBER_OBJECT_CONVERSION = YES_AGGRESSIVE;
				CLANG_CXX_LANGUAGE_STANDARD = "gnu++14";
				CLANG_CXX_LIBRARY = "libc++";
				CLANG_ENABLE_MODULES = YES;
				CLANG_ENABLE_OBJC_ARC = YES;
				CLANG_WARN_BLOCK_CAPTURE_AUTORELEASING = YES;
				CLANG_WARN_BOOL_CONVERSION = YES;
				CLANG_WARN_COMMA = YES;
				CLANG_WARN_CONSTANT_CONVERSION = YES;
				CLANG_WARN_DIRECT_OBJC_ISA_USAGE = YES_ERROR;
				CLANG_WARN_DOCUMENTATION_COMMENTS = YES;
				CLANG_WARN_EMPTY_BODY = YES;
				CLANG_WARN_ENUM_CONVERSION = YES;
				CLANG_WARN_INFINITE_RECURSION = YES;
				CLANG_WARN_INT_CONVERSION = YES;
				CLANG_WARN_NON_LITERAL_NULL_CONVERSION = YES;
				CLANG_WARN_OBJC_LITERAL_CONVERSION = YES;
				CLANG_WARN_OBJC_ROOT_CLASS = YES_ERROR;
				CLANG_WARN_RANGE_LOOP_ANALYSIS = YES;
				CLANG_WARN_STRICT_PROTOTYPES = YES;
				CLANG_WARN_SUSPICIOUS_MOVE = YES;
				CLANG_WARN_UNGUARDED_AVAILABILITY = YES_AGGRESSIVE;
				CLANG_WARN_UNREACHABLE_CODE = YES;
				CLANG_WARN__DUPLICATE_METHOD_MATCH = YES;
				CODE_SIGN_IDENTITY = "iPhone Developer";
				COPY_PHASE_STRIP = NO;
				DEBUG_INFORMATION_FORMAT = dwarf;
				ENABLE_STRICT_OBJC_MSGSEND = YES;
				ENABLE_TESTABILITY = YES;
				GCC_C_LANGUAGE_STANDARD = gnu11;
				GCC_DYNAMIC_NO_PIC = NO;
				GCC_NO_COMMON_BLOCKS = YES;
				GCC_OPTIMIZATION_LEVEL = 0;
				GCC_PREPROCESSOR_DEFINITIONS = (
					"DEBUG=1",
					"$(inherited)",
				);
				GCC_WARN_64_TO_32_BIT_CONVERSION = YES;
				GCC_WARN_ABOUT_RETURN_TYPE = YES_ERROR;
				GCC_WARN_UNDECLARED_SELECTOR = YES;
				GCC_WARN_UNINITIALIZED_AUTOS = YES_AGGRESSIVE;
				GCC_WARN_UNUSED_FUNCTION = YES;
				GCC_WARN_UNUSED_VARIABLE = YES;
				IPHONEOS_DEPLOYMENT_TARGET = 11.2;
				MTL_ENABLE_DEBUG_INFO = YES;
				ONLY_ACTIVE_ARCH = YES;
				SDKROOT = iphoneos;
				SWIFT_ACTIVE_COMPILATION_CONDITIONS = DEBUG;
				SWIFT_OPTIMIZATION_LEVEL = "-Onone";
			};
			name = Debug;
		};
		10685EBE207E38EE00FEE742 /* Release */ = {
			isa = XCBuildConfiguration;
			buildSettings = {
				ALWAYS_SEARCH_USER_PATHS = NO;
				CLANG_ANALYZER_NONNULL = YES;
				CLANG_ANALYZER_NUMBER_OBJECT_CONVERSION = YES_AGGRESSIVE;
				CLANG_CXX_LANGUAGE_STANDARD = "gnu++14";
				CLANG_CXX_LIBRARY = "libc++";
				CLANG_ENABLE_MODULES = YES;
				CLANG_ENABLE_OBJC_ARC = YES;
				CLANG_WARN_BLOCK_CAPTURE_AUTORELEASING = YES;
				CLANG_WARN_BOOL_CONVERSION = YES;
				CLANG_WARN_COMMA = YES;
				CLANG_WARN_CONSTANT_CONVERSION = YES;
				CLANG_WARN_DIRECT_OBJC_ISA_USAGE = YES_ERROR;
				CLANG_WARN_DOCUMENTATION_COMMENTS = YES;
				CLANG_WARN_EMPTY_BODY = YES;
				CLANG_WARN_ENUM_CONVERSION = YES;
				CLANG_WARN_INFINITE_RECURSION = YES;
				CLANG_WARN_INT_CONVERSION = YES;
				CLANG_WARN_NON_LITERAL_NULL_CONVERSION = YES;
				CLANG_WARN_OBJC_LITERAL_CONVERSION = YES;
				CLANG_WARN_OBJC_ROOT_CLASS = YES_ERROR;
				CLANG_WARN_RANGE_LOOP_ANALYSIS = YES;
				CLANG_WARN_STRICT_PROTOTYPES = YES;
				CLANG_WARN_SUSPICIOUS_MOVE = YES;
				CLANG_WARN_UNGUARDED_AVAILABILITY = YES_AGGRESSIVE;
				CLANG_WARN_UNREACHABLE_CODE = YES;
				CLANG_WARN__DUPLICATE_METHOD_MATCH = YES;
				CODE_SIGN_IDENTITY = "iPhone Developer";
				COPY_PHASE_STRIP = NO;
				DEBUG_INFORMATION_FORMAT = "dwarf-with-dsym";
				ENABLE_NS_ASSERTIONS = NO;
				ENABLE_STRICT_OBJC_MSGSEND = YES;
				GCC_C_LANGUAGE_STANDARD = gnu11;
				GCC_NO_COMMON_BLOCKS = YES;
				GCC_WARN_64_TO_32_BIT_CONVERSION = YES;
				GCC_WARN_ABOUT_RETURN_TYPE = YES_ERROR;
				GCC_WARN_UNDECLARED_SELECTOR = YES;
				GCC_WARN_UNINITIALIZED_AUTOS = YES_AGGRESSIVE;
				GCC_WARN_UNUSED_FUNCTION = YES;
				GCC_WARN_UNUSED_VARIABLE = YES;
				IPHONEOS_DEPLOYMENT_TARGET = 11.2;
				MTL_ENABLE_DEBUG_INFO = NO;
				SDKROOT = iphoneos;
				SWIFT_OPTIMIZATION_LEVEL = "-Owholemodule";
				VALIDATE_PRODUCT = YES;
			};
			name = Release;
		};
		10685EC0207E38EE00FEE742 /* Debug */ = {
			isa = XCBuildConfiguration;
			baseConfigurationReference = BFC947C50E5F101DB353A12A /* Pods-Recipe.debug.xcconfig */;
			buildSettings = {
				ASSETCATALOG_COMPILER_APPICON_NAME = AppIcon;
				CODE_SIGN_STYLE = Automatic;
				INFOPLIST_FILE = Recipe/Info.plist;
				LD_RUNPATH_SEARCH_PATHS = "$(inherited) @executable_path/Frameworks";
				PRODUCT_BUNDLE_IDENTIFIER = RB.Recipe;
				PRODUCT_NAME = "$(TARGET_NAME)";
				SWIFT_VERSION = 4.0;
				TARGETED_DEVICE_FAMILY = "1,2";
			};
			name = Debug;
		};
		10685EC1207E38EE00FEE742 /* Release */ = {
			isa = XCBuildConfiguration;
			baseConfigurationReference = CFF6BD60EE9B9D8D09B40898 /* Pods-Recipe.release.xcconfig */;
			buildSettings = {
				ASSETCATALOG_COMPILER_APPICON_NAME = AppIcon;
				CODE_SIGN_STYLE = Automatic;
				INFOPLIST_FILE = Recipe/Info.plist;
				LD_RUNPATH_SEARCH_PATHS = "$(inherited) @executable_path/Frameworks";
				PRODUCT_BUNDLE_IDENTIFIER = RB.Recipe;
				PRODUCT_NAME = "$(TARGET_NAME)";
				SWIFT_VERSION = 4.0;
				TARGETED_DEVICE_FAMILY = "1,2";
			};
			name = Release;
		};
/* End XCBuildConfiguration section */

/* Begin XCConfigurationList section */
		10685EA8207E38EE00FEE742 /* Build configuration list for PBXProject "Recipe" */ = {
			isa = XCConfigurationList;
			buildConfigurations = (
				10685EBD207E38EE00FEE742 /* Debug */,
				10685EBE207E38EE00FEE742 /* Release */,
			);
			defaultConfigurationIsVisible = 0;
			defaultConfigurationName = Release;
		};
		10685EBF207E38EE00FEE742 /* Build configuration list for PBXNativeTarget "Recipe" */ = {
			isa = XCConfigurationList;
			buildConfigurations = (
				10685EC0207E38EE00FEE742 /* Debug */,
				10685EC1207E38EE00FEE742 /* Release */,
			);
			defaultConfigurationIsVisible = 0;
			defaultConfigurationName = Release;
		};
/* End XCConfigurationList section */

/* Begin XCVersionGroup section */
		1068347E20951292000F6590 /* DataModel.xcdatamodeld */ = {
			isa = XCVersionGroup;
			children = (
				1068347F20951292000F6590 /* DataModel.xcdatamodel */,
			);
			currentVersion = 1068347F20951292000F6590 /* DataModel.xcdatamodel */;
			path = DataModel.xcdatamodeld;
			sourceTree = "<group>";
			versionGroupType = wrapper.xcdatamodel;
		};
/* End XCVersionGroup section */
	};
	rootObject = 10685EA5207E38EE00FEE742 /* Project object */;
}
